dependencies:
- name: redis
  repository: https://snappyflow.github.io/helm-charts/
  version: 0.2.10
- name: postgresql
  repository: https://snappyflow.github.io/helm-charts/
  version: 0.1.5
digest: sha256:8734c7498c03a0452c357e492b64b3a6db455e0a59593d0f7d33f20d05575381
generated: "2023-01-30T08:44:39.060331874Z"
