dependencies:
- name: prometheus-adapter
  repository: file://./sub_charts/prometheus-adapter
  version: 3.0.4
- name: prometheus
  repository: file://./sub_charts/prometheus
  version: 15.0.5
digest: sha256:640d549374fc71416e8a6b18e77f1ce366ddef1155d5c30e281b19f68920b177
generated: "2023-01-29T14:59:01.720200332Z"
