dependencies:
- name: prometheus-adapter
  repository: file://./sub_charts/prometheus-adapter
  version: 3.0.0
- name: prometheus
  repository: file://./sub_charts/prometheus
  version: 15.0.2
digest: sha256:45bd3ddc1cb2f57834ea1873b49ab879213de22f1f1dfd78340a9fd9d2bc86b6
generated: "2021-12-31T12:18:50.021565424+05:30"
