dependencies:
- name: cp-schema-registry
  repository: file://./sub_charts/cp-schema-registry
  version: 0.1.1
- name: cp-kafka-rest
  repository: file://./sub_charts/cp-kafka-rest
  version: 0.1.4
- name: archival-kafka-connect
  repository: file://./sub_charts/archival-kafka-connect
  version: 0.1.0
- name: es-kafka-connect
  repository: file://./sub_charts/es-kafka-connect
  version: 0.1.2
- name: authenticator
  repository: file://./sub_charts/authenticator
  version: 0.1.1
- name: sfk-interface
  repository: file://./sub_charts/sfk-interface
  version: 0.1.1
- name: signatures-and-kafka-apis
  repository: file://./sub_charts/signatures-and-kafka-apis
  version: 0.1.1
- name: minio
  repository: file://./sub_charts/minio
  version: 8.0.11
digest: sha256:bb7ba5afa06fe27aff3d47916b73d8a33c1f2a6bb1582417990abcafd4dd4b1a
generated: "2023-10-27T12:40:38.533913212+05:30"
