dependencies:
- name: cp-schema-registry
  repository: file://./sub_charts/cp-schema-registry
  version: 0.1.1
- name: cp-kafka-rest
  repository: file://./sub_charts/cp-kafka-rest
  version: 0.1.1
- name: archival-kafka-connect
  repository: file://./sub_charts/archival-kafka-connect
  version: 0.1.0
- name: es-kafka-connect
  repository: file://./sub_charts/es-kafka-connect
  version: 0.1.1
- name: authenticator
  repository: file://./sub_charts/authenticator
  version: 0.1.1
- name: sfk-interface
  repository: file://./sub_charts/sfk-interface
  version: 0.1.1
- name: signatures-and-kafka-apis
  repository: file://./sub_charts/signatures-and-kafka-apis
  version: 0.1.1
- name: minio
  repository: file://./sub_charts/minio
  version: 8.0.11
digest: sha256:30a1268fe821748c8cd519bda7fa22ba128b8cc38947d8beb49d418db6fdcfc5
generated: "2023-03-02T14:36:41.750250322+05:30"
