dependencies:
- name: nginx-ingress
  repository: file://./sub_charts/nginx-ingress
  version: 3.6.1
- name: cp-schema-registry
  repository: file://./sub_charts/cp-schema-registry
  version: 0.1.0
- name: cp-kafka-rest
  repository: file://./sub_charts/cp-kafka-rest
  version: 0.1.0
- name: s3-kafka-connect
  repository: file://./sub_charts/s3-kafka-connect
  version: 0.1.0
- name: es-kafka-connect
  repository: file://./sub_charts/es-kafka-connect
  version: 0.1.0
- name: autoscaling
  repository: file://./sub_charts/autoscaling
  version: 0.1.0
- name: authenticator
  repository: file://./sub_charts/authenticator
  version: 0.1.0
- name: sfk-interface
  repository: file://./sub_charts/sfk-interface
  version: 0.1.0
- name: signatures
  repository: file://./sub_charts/signatures
  version: 0.1.0
- name: minio
  repository: file://./sub_charts/minio
  version: 8.0.10
digest: sha256:08607b0f7c0feabcb52959d32b91e08876a2ae3ed240a13cecfd7596a276e250
generated: "2021-10-27T21:25:26.069637625+05:30"
