dependencies:
- name: redis
  repository: https://snappyflow.github.io/helm-charts/
  version: 0.2.10
- name: postgresql
  repository: https://snappyflow.github.io/helm-charts/
  version: 0.1.2
digest: sha256:1c88cbc90f50a07447bec005d65b267068a82dccb2954cc771441e0db5328395
generated: "2023-04-04T22:10:04.075565014+05:30"
